// !$*UTF8*$!
{
	archiveVersion = 1;
	classes = {
	};
	objectVersion = 48;
	objects = {

/* Begin PBXBuildFile section */
		643379FF1FD48EC7008927BC /* DataStore.swift in Sources */ = {isa = PBXBuildFile; fileRef = 643379FE1FD48EC7008927BC /* DataStore.swift */; };
		64337A011FD48F1A008927BC /* DataStoring.swift in Sources */ = {isa = PBXBuildFile; fileRef = 64337A001FD48F1A008927BC /* DataStoring.swift */; };
		645D55141FD3549400EAA8F2 /* URL+CommonURLs.swift in Sources */ = {isa = PBXBuildFile; fileRef = 645D55131FD3549400EAA8F2 /* URL+CommonURLs.swift */; };
		646579651FD48D88000BA578 /* Recording.swift in Sources */ = {isa = PBXBuildFile; fileRef = 646579641FD48D88000BA578 /* Recording.swift */; };
		649DCE981FD1F54400955793 /* AppDelegate.swift in Sources */ = {isa = PBXBuildFile; fileRef = 649DCE971FD1F54400955793 /* AppDelegate.swift */; };
		649DCE9A1FD1F54400955793 /* RecordingListViewController.swift in Sources */ = {isa = PBXBuildFile; fileRef = 649DCE991FD1F54400955793 /* RecordingListViewController.swift */; };
		649DCE9D1FD1F54400955793 /* RecordingList.storyboard in Resources */ = {isa = PBXBuildFile; fileRef = 649DCE9B1FD1F54400955793 /* RecordingList.storyboard */; };
		649DCE9F1FD1F54400955793 /* Assets.xcassets in Resources */ = {isa = PBXBuildFile; fileRef = 649DCE9E1FD1F54400955793 /* Assets.xcassets */; };
		649DCEA21FD1F54400955793 /* LaunchScreen.storyboard in Resources */ = {isa = PBXBuildFile; fileRef = 649DCEA01FD1F54400955793 /* LaunchScreen.storyboard */; };
		649DCEAD1FD1F54500955793 /* ClaudioTests.swift in Sources */ = {isa = PBXBuildFile; fileRef = 649DCEAC1FD1F54500955793 /* ClaudioTests.swift */; };
		64B240451FD2079E007073D4 /* UITableView+Setup.swift in Sources */ = {isa = PBXBuildFile; fileRef = 64B240441FD2079E007073D4 /* UITableView+Setup.swift */; };
		64B240541FD3389E007073D4 /* AudioPlayer.swift in Sources */ = {isa = PBXBuildFile; fileRef = 64B240501FD3389E007073D4 /* AudioPlayer.swift */; };
		64B240551FD3389E007073D4 /* AudioSession.swift in Sources */ = {isa = PBXBuildFile; fileRef = 64B240511FD3389E007073D4 /* AudioSession.swift */; };
		64B240571FD3389E007073D4 /* AudioRecorder.swift in Sources */ = {isa = PBXBuildFile; fileRef = 64B240531FD3389E007073D4 /* AudioRecorder.swift */; };
		64B240591FD3399D007073D4 /* Logger.swift in Sources */ = {isa = PBXBuildFile; fileRef = 64B240581FD3399D007073D4 /* Logger.swift */; };
		CF9C569533A572EBB3AE1817 /* Pods_Claudio.framework in Frameworks */ = {isa = PBXBuildFile; fileRef = C9FD2CEFC98C4DC56A6E9D11 /* Pods_Claudio.framework */; };
/* End PBXBuildFile section */

/* Begin PBXContainerItemProxy section */
		649DCEA91FD1F54500955793 /* PBXContainerItemProxy */ = {
			isa = PBXContainerItemProxy;
			containerPortal = 649DCE8C1FD1F54400955793 /* Project object */;
			proxyType = 1;
			remoteGlobalIDString = 649DCE931FD1F54400955793;
			remoteInfo = Claudio;
		};
/* End PBXContainerItemProxy section */

/* Begin PBXFileReference section */
		643379FE1FD48EC7008927BC /* DataStore.swift */ = {isa = PBXFileReference; lastKnownFileType = sourcecode.swift; path = DataStore.swift; sourceTree = "<group>"; };
		64337A001FD48F1A008927BC /* DataStoring.swift */ = {isa = PBXFileReference; lastKnownFileType = sourcecode.swift; path = DataStoring.swift; sourceTree = "<group>"; };
		645D55131FD3549400EAA8F2 /* URL+CommonURLs.swift */ = {isa = PBXFileReference; lastKnownFileType = sourcecode.swift; path = "URL+CommonURLs.swift"; sourceTree = "<group>"; };
		646579641FD48D88000BA578 /* Recording.swift */ = {isa = PBXFileReference; lastKnownFileType = sourcecode.swift; path = Recording.swift; sourceTree = "<group>"; };
		649DCE941FD1F54400955793 /* Claudio.app */ = {isa = PBXFileReference; explicitFileType = wrapper.application; includeInIndex = 0; path = Claudio.app; sourceTree = BUILT_PRODUCTS_DIR; };
		649DCE971FD1F54400955793 /* AppDelegate.swift */ = {isa = PBXFileReference; lastKnownFileType = sourcecode.swift; path = AppDelegate.swift; sourceTree = "<group>"; };
		649DCE991FD1F54400955793 /* RecordingListViewController.swift */ = {isa = PBXFileReference; lastKnownFileType = sourcecode.swift; path = RecordingListViewController.swift; sourceTree = "<group>"; };
		649DCE9C1FD1F54400955793 /* Base */ = {isa = PBXFileReference; lastKnownFileType = file.storyboard; name = Base; path = Base.lproj/RecordingList.storyboard; sourceTree = "<group>"; };
		649DCE9E1FD1F54400955793 /* Assets.xcassets */ = {isa = PBXFileReference; lastKnownFileType = folder.assetcatalog; path = Assets.xcassets; sourceTree = "<group>"; };
		649DCEA11FD1F54400955793 /* Base */ = {isa = PBXFileReference; lastKnownFileType = file.storyboard; name = Base; path = Base.lproj/LaunchScreen.storyboard; sourceTree = "<group>"; };
		649DCEA31FD1F54400955793 /* Info.plist */ = {isa = PBXFileReference; lastKnownFileType = text.plist.xml; path = Info.plist; sourceTree = "<group>"; };
		649DCEA81FD1F54500955793 /* ClaudioTests.xctest */ = {isa = PBXFileReference; explicitFileType = wrapper.cfbundle; includeInIndex = 0; path = ClaudioTests.xctest; sourceTree = BUILT_PRODUCTS_DIR; };
		649DCEAC1FD1F54500955793 /* ClaudioTests.swift */ = {isa = PBXFileReference; lastKnownFileType = sourcecode.swift; path = ClaudioTests.swift; sourceTree = "<group>"; };
		649DCEAE1FD1F54500955793 /* Info.plist */ = {isa = PBXFileReference; lastKnownFileType = text.plist.xml; path = Info.plist; sourceTree = "<group>"; };
		64B240441FD2079E007073D4 /* UITableView+Setup.swift */ = {isa = PBXFileReference; lastKnownFileType = sourcecode.swift; path = "UITableView+Setup.swift"; sourceTree = "<group>"; };
		64B240501FD3389E007073D4 /* AudioPlayer.swift */ = {isa = PBXFileReference; fileEncoding = 4; lastKnownFileType = sourcecode.swift; path = AudioPlayer.swift; sourceTree = "<group>"; };
		64B240511FD3389E007073D4 /* AudioSession.swift */ = {isa = PBXFileReference; fileEncoding = 4; lastKnownFileType = sourcecode.swift; path = AudioSession.swift; sourceTree = "<group>"; };
		64B240531FD3389E007073D4 /* AudioRecorder.swift */ = {isa = PBXFileReference; fileEncoding = 4; lastKnownFileType = sourcecode.swift; path = AudioRecorder.swift; sourceTree = "<group>"; };
		64B240581FD3399D007073D4 /* Logger.swift */ = {isa = PBXFileReference; lastKnownFileType = sourcecode.swift; path = Logger.swift; sourceTree = "<group>"; };
		938A2B08EA2CD7BC2CA9059B /* Pods-Claudio.release.xcconfig */ = {isa = PBXFileReference; includeInIndex = 1; lastKnownFileType = text.xcconfig; name = "Pods-Claudio.release.xcconfig"; path = "Pods/Target Support Files/Pods-Claudio/Pods-Claudio.release.xcconfig"; sourceTree = "<group>"; };
		C9FD2CEFC98C4DC56A6E9D11 /* Pods_Claudio.framework */ = {isa = PBXFileReference; explicitFileType = wrapper.framework; includeInIndex = 0; path = Pods_Claudio.framework; sourceTree = BUILT_PRODUCTS_DIR; };
		FF236B98BCFA4C173F5A161D /* Pods-Claudio.debug.xcconfig */ = {isa = PBXFileReference; includeInIndex = 1; lastKnownFileType = text.xcconfig; name = "Pods-Claudio.debug.xcconfig"; path = "Pods/Target Support Files/Pods-Claudio/Pods-Claudio.debug.xcconfig"; sourceTree = "<group>"; };
/* End PBXFileReference section */

/* Begin PBXFrameworksBuildPhase section */
		649DCE911FD1F54400955793 /* Frameworks */ = {
			isa = PBXFrameworksBuildPhase;
			buildActionMask = 2147483647;
			files = (
				CF9C569533A572EBB3AE1817 /* Pods_Claudio.framework in Frameworks */,
			);
			runOnlyForDeploymentPostprocessing = 0;
		};
		649DCEA51FD1F54500955793 /* Frameworks */ = {
			isa = PBXFrameworksBuildPhase;
			buildActionMask = 2147483647;
			files = (
			);
			runOnlyForDeploymentPostprocessing = 0;
		};
/* End PBXFrameworksBuildPhase section */

/* Begin PBXGroup section */
		41D7476F1C2B777B94E7075B /* Frameworks */ = {
			isa = PBXGroup;
			children = (
				C9FD2CEFC98C4DC56A6E9D11 /* Pods_Claudio.framework */,
			);
			name = Frameworks;
			sourceTree = "<group>";
		};
		643379FD1FD48EBC008927BC /* Data store */ = {
			isa = PBXGroup;
			children = (
				643379FE1FD48EC7008927BC /* DataStore.swift */,
				64337A001FD48F1A008927BC /* DataStoring.swift */,
			);
			path = "Data store";
			sourceTree = "<group>";
		};
		645D55121FD3534C00EAA8F2 /* File system */ = {
			isa = PBXGroup;
			children = (
				645D55131FD3549400EAA8F2 /* URL+CommonURLs.swift */,
			);
			path = "File system";
			sourceTree = "<group>";
		};
		646579631FD48D79000BA578 /* Model */ = {
			isa = PBXGroup;
			children = (
				646579641FD48D88000BA578 /* Recording.swift */,
			);
			path = Model;
			sourceTree = "<group>";
		};
		649DCE8B1FD1F54400955793 = {
			isa = PBXGroup;
			children = (
				649DCE961FD1F54400955793 /* Claudio */,
				649DCEAB1FD1F54500955793 /* ClaudioTests */,
				649DCE951FD1F54400955793 /* Products */,
				CC094FFF91937AF6FE088AE6 /* Pods */,
				41D7476F1C2B777B94E7075B /* Frameworks */,
			);
			sourceTree = "<group>";
		};
		649DCE951FD1F54400955793 /* Products */ = {
			isa = PBXGroup;
			children = (
				649DCE941FD1F54400955793 /* Claudio.app */,
				649DCEA81FD1F54500955793 /* ClaudioTests.xctest */,
			);
			name = Products;
			sourceTree = "<group>";
		};
		649DCE961FD1F54400955793 /* Claudio */ = {
			isa = PBXGroup;
			children = (
				649DCEB71FD2032F00955793 /* Application */,
				64B240401FD20628007073D4 /* Features */,
				646579631FD48D79000BA578 /* Model */,
				64B240411FD20641007073D4 /* Platform */,
				649DCEB81FD2036C00955793 /* Resources */,
			);
			path = Claudio;
			sourceTree = "<group>";
		};
		649DCEAB1FD1F54500955793 /* ClaudioTests */ = {
			isa = PBXGroup;
			children = (
				649DCEAC1FD1F54500955793 /* ClaudioTests.swift */,
				649DCEAE1FD1F54500955793 /* Info.plist */,
			);
			path = ClaudioTests;
			sourceTree = "<group>";
		};
		649DCEB71FD2032F00955793 /* Application */ = {
			isa = PBXGroup;
			children = (
				649DCEA01FD1F54400955793 /* LaunchScreen.storyboard */,
				649DCE971FD1F54400955793 /* AppDelegate.swift */,
			);
			path = Application;
			sourceTree = "<group>";
		};
		649DCEB81FD2036C00955793 /* Resources */ = {
			isa = PBXGroup;
			children = (
				649DCEA31FD1F54400955793 /* Info.plist */,
				649DCE9E1FD1F54400955793 /* Assets.xcassets */,
			);
			path = Resources;
			sourceTree = "<group>";
		};
		649DCEB91FD2038E00955793 /* Recording list */ = {
			isa = PBXGroup;
			children = (
				649DCE991FD1F54400955793 /* RecordingListViewController.swift */,
				649DCE9B1FD1F54400955793 /* RecordingList.storyboard */,
			);
			path = "Recording list";
			sourceTree = "<group>";
		};
		64B240401FD20628007073D4 /* Features */ = {
			isa = PBXGroup;
			children = (
				649DCEB91FD2038E00955793 /* Recording list */,
			);
			path = Features;
			sourceTree = "<group>";
		};
		64B240411FD20641007073D4 /* Platform */ = {
			isa = PBXGroup;
			children = (
				643379FD1FD48EBC008927BC /* Data store */,
				645D55121FD3534C00EAA8F2 /* File system */,
				64B2404F1FD3389E007073D4 /* Audio */,
				64B240441FD2079E007073D4 /* UITableView+Setup.swift */,
				64B240581FD3399D007073D4 /* Logger.swift */,
			);
			path = Platform;
			sourceTree = "<group>";
		};
		64B2404F1FD3389E007073D4 /* Audio */ = {
			isa = PBXGroup;
			children = (
				64B240501FD3389E007073D4 /* AudioPlayer.swift */,
				64B240511FD3389E007073D4 /* AudioSession.swift */,
				64B240531FD3389E007073D4 /* AudioRecorder.swift */,
			);
			path = Audio;
			sourceTree = "<group>";
		};
		CC094FFF91937AF6FE088AE6 /* Pods */ = {
			isa = PBXGroup;
			children = (
				FF236B98BCFA4C173F5A161D /* Pods-Claudio.debug.xcconfig */,
				938A2B08EA2CD7BC2CA9059B /* Pods-Claudio.release.xcconfig */,
			);
			name = Pods;
			sourceTree = "<group>";
		};
/* End PBXGroup section */

/* Begin PBXNativeTarget section */
		649DCE931FD1F54400955793 /* Claudio */ = {
			isa = PBXNativeTarget;
			buildConfigurationList = 649DCEB11FD1F54500955793 /* Build configuration list for PBXNativeTarget "Claudio" */;
			buildPhases = (
				A7522BB0FA53863463541042 /* [CP] Check Pods Manifest.lock */,
				649DCE901FD1F54400955793 /* Sources */,
				649DCE911FD1F54400955793 /* Frameworks */,
				649DCE921FD1F54400955793 /* Resources */,
				9A966EF715F411ABA38093CE /* [CP] Embed Pods Frameworks */,
				94F9D0FA27AA05B656D95D35 /* [CP] Copy Pods Resources */,
			);
			buildRules = (
			);
			dependencies = (
			);
			name = Claudio;
			productName = Claudio;
			productReference = 649DCE941FD1F54400955793 /* Claudio.app */;
			productType = "com.apple.product-type.application";
		};
		649DCEA71FD1F54500955793 /* ClaudioTests */ = {
			isa = PBXNativeTarget;
			buildConfigurationList = 649DCEB41FD1F54500955793 /* Build configuration list for PBXNativeTarget "ClaudioTests" */;
			buildPhases = (
				649DCEA41FD1F54500955793 /* Sources */,
				649DCEA51FD1F54500955793 /* Frameworks */,
				649DCEA61FD1F54500955793 /* Resources */,
			);
			buildRules = (
			);
			dependencies = (
				649DCEAA1FD1F54500955793 /* PBXTargetDependency */,
			);
			name = ClaudioTests;
			productName = ClaudioTests;
			productReference = 649DCEA81FD1F54500955793 /* ClaudioTests.xctest */;
			productType = "com.apple.product-type.bundle.unit-test";
		};
/* End PBXNativeTarget section */

/* Begin PBXProject section */
		649DCE8C1FD1F54400955793 /* Project object */ = {
			isa = PBXProject;
			attributes = {
				LastSwiftUpdateCheck = 0910;
				LastUpgradeCheck = 0910;
				ORGANIZATIONNAME = "Michael Pace";
				TargetAttributes = {
					649DCE931FD1F54400955793 = {
						CreatedOnToolsVersion = 9.1;
						ProvisioningStyle = Automatic;
						SystemCapabilities = {
							com.apple.BackgroundModes = {
								enabled = 1;
							};
						};
					};
					649DCEA71FD1F54500955793 = {
						CreatedOnToolsVersion = 9.1;
						ProvisioningStyle = Automatic;
						TestTargetID = 649DCE931FD1F54400955793;
					};
				};
			};
			buildConfigurationList = 649DCE8F1FD1F54400955793 /* Build configuration list for PBXProject "Claudio" */;
			compatibilityVersion = "Xcode 8.0";
			developmentRegion = en;
			hasScannedForEncodings = 0;
			knownRegions = (
				en,
				Base,
			);
			mainGroup = 649DCE8B1FD1F54400955793;
			productRefGroup = 649DCE951FD1F54400955793 /* Products */;
			projectDirPath = "";
			projectRoot = "";
			targets = (
				649DCE931FD1F54400955793 /* Claudio */,
				649DCEA71FD1F54500955793 /* ClaudioTests */,
			);
		};
/* End PBXProject section */

/* Begin PBXResourcesBuildPhase section */
		649DCE921FD1F54400955793 /* Resources */ = {
			isa = PBXResourcesBuildPhase;
			buildActionMask = 2147483647;
			files = (
				649DCEA21FD1F54400955793 /* LaunchScreen.storyboard in Resources */,
				649DCE9F1FD1F54400955793 /* Assets.xcassets in Resources */,
				649DCE9D1FD1F54400955793 /* RecordingList.storyboard in Resources */,
			);
			runOnlyForDeploymentPostprocessing = 0;
		};
		649DCEA61FD1F54500955793 /* Resources */ = {
			isa = PBXResourcesBuildPhase;
			buildActionMask = 2147483647;
			files = (
			);
			runOnlyForDeploymentPostprocessing = 0;
		};
/* End PBXResourcesBuildPhase section */

/* Begin PBXShellScriptBuildPhase section */
		94F9D0FA27AA05B656D95D35 /* [CP] Copy Pods Resources */ = {
			isa = PBXShellScriptBuildPhase;
			buildActionMask = 2147483647;
			files = (
			);
			inputPaths = (
			);
			name = "[CP] Copy Pods Resources";
			outputPaths = (
			);
			runOnlyForDeploymentPostprocessing = 0;
			shellPath = /bin/sh;
			shellScript = "\"${SRCROOT}/Pods/Target Support Files/Pods-Claudio/Pods-Claudio-resources.sh\"\n";
			showEnvVarsInLog = 0;
		};
		9A966EF715F411ABA38093CE /* [CP] Embed Pods Frameworks */ = {
			isa = PBXShellScriptBuildPhase;
			buildActionMask = 2147483647;
			files = (
			);
			inputPaths = (
				"${SRCROOT}/Pods/Target Support Files/Pods-Claudio/Pods-Claudio-frameworks.sh",
				"${BUILT_PRODUCTS_DIR}/Realm/Realm.framework",
				"${BUILT_PRODUCTS_DIR}/RealmSwift/RealmSwift.framework",
			);
			name = "[CP] Embed Pods Frameworks";
			outputPaths = (
				"${TARGET_BUILD_DIR}/${FRAMEWORKS_FOLDER_PATH}/Realm.framework",
				"${TARGET_BUILD_DIR}/${FRAMEWORKS_FOLDER_PATH}/RealmSwift.framework",
			);
			runOnlyForDeploymentPostprocessing = 0;
			shellPath = /bin/sh;
			shellScript = "\"${SRCROOT}/Pods/Target Support Files/Pods-Claudio/Pods-Claudio-frameworks.sh\"\n";
			showEnvVarsInLog = 0;
		};
		A7522BB0FA53863463541042 /* [CP] Check Pods Manifest.lock */ = {
			isa = PBXShellScriptBuildPhase;
			buildActionMask = 2147483647;
			files = (
			);
			inputPaths = (
				"${PODS_PODFILE_DIR_PATH}/Podfile.lock",
				"${PODS_ROOT}/Manifest.lock",
			);
			name = "[CP] Check Pods Manifest.lock";
			outputPaths = (
				"$(DERIVED_FILE_DIR)/Pods-Claudio-checkManifestLockResult.txt",
			);
			runOnlyForDeploymentPostprocessing = 0;
			shellPath = /bin/sh;
			shellScript = "diff \"${PODS_PODFILE_DIR_PATH}/Podfile.lock\" \"${PODS_ROOT}/Manifest.lock\" > /dev/null\nif [ $? != 0 ] ; then\n    # print error to STDERR\n    echo \"error: The sandbox is not in sync with the Podfile.lock. Run 'pod install' or update your CocoaPods installation.\" >&2\n    exit 1\nfi\n# This output is used by Xcode 'outputs' to avoid re-running this script phase.\necho \"SUCCESS\" > \"${SCRIPT_OUTPUT_FILE_0}\"\n";
			showEnvVarsInLog = 0;
		};
/* End PBXShellScriptBuildPhase section */

/* Begin PBXSourcesBuildPhase section */
		649DCE901FD1F54400955793 /* Sources */ = {
			isa = PBXSourcesBuildPhase;
			buildActionMask = 2147483647;
			files = (
				64B240451FD2079E007073D4 /* UITableView+Setup.swift in Sources */,
				64337A011FD48F1A008927BC /* DataStoring.swift in Sources */,
				64B240571FD3389E007073D4 /* AudioRecorder.swift in Sources */,
				64B240551FD3389E007073D4 /* AudioSession.swift in Sources */,
				643379FF1FD48EC7008927BC /* DataStore.swift in Sources */,
				649DCE9A1FD1F54400955793 /* RecordingListViewController.swift in Sources */,
				646579651FD48D88000BA578 /* Recording.swift in Sources */,
				649DCE981FD1F54400955793 /* AppDelegate.swift in Sources */,
				64B240541FD3389E007073D4 /* AudioPlayer.swift in Sources */,
				64B240591FD3399D007073D4 /* Logger.swift in Sources */,
				645D55141FD3549400EAA8F2 /* URL+CommonURLs.swift in Sources */,
			);
			runOnlyForDeploymentPostprocessing = 0;
		};
		649DCEA41FD1F54500955793 /* Sources */ = {
			isa = PBXSourcesBuildPhase;
			buildActionMask = 2147483647;
			files = (
				649DCEAD1FD1F54500955793 /* ClaudioTests.swift in Sources */,
			);
			runOnlyForDeploymentPostprocessing = 0;
		};
/* End PBXSourcesBuildPhase section */

/* Begin PBXTargetDependency section */
		649DCEAA1FD1F54500955793 /* PBXTargetDependency */ = {
			isa = PBXTargetDependency;
			target = 649DCE931FD1F54400955793 /* Claudio */;
			targetProxy = 649DCEA91FD1F54500955793 /* PBXContainerItemProxy */;
		};
/* End PBXTargetDependency section */

/* Begin PBXVariantGroup section */
		649DCE9B1FD1F54400955793 /* RecordingList.storyboard */ = {
			isa = PBXVariantGroup;
			children = (
				649DCE9C1FD1F54400955793 /* Base */,
			);
			name = RecordingList.storyboard;
			sourceTree = "<group>";
		};
		649DCEA01FD1F54400955793 /* LaunchScreen.storyboard */ = {
			isa = PBXVariantGroup;
			children = (
				649DCEA11FD1F54400955793 /* Base */,
			);
			name = LaunchScreen.storyboard;
			sourceTree = "<group>";
		};
/* End PBXVariantGroup section */

/* Begin XCBuildConfiguration section */
		649DCEAF1FD1F54500955793 /* Debug */ = {
			isa = XCBuildConfiguration;
			buildSettings = {
				ALWAYS_SEARCH_USER_PATHS = NO;
				CLANG_ANALYZER_NONNULL = YES;
				CLANG_ANALYZER_NUMBER_OBJECT_CONVERSION = YES_AGGRESSIVE;
				CLANG_CXX_LANGUAGE_STANDARD = "gnu++14";
				CLANG_CXX_LIBRARY = "libc++";
				CLANG_ENABLE_MODULES = YES;
				CLANG_ENABLE_OBJC_ARC = YES;
				CLANG_WARN_BLOCK_CAPTURE_AUTORELEASING = YES;
				CLANG_WARN_BOOL_CONVERSION = YES;
				CLANG_WARN_COMMA = YES;
				CLANG_WARN_CONSTANT_CONVERSION = YES;
				CLANG_WARN_DIRECT_OBJC_ISA_USAGE = YES_ERROR;
				CLANG_WARN_DOCUMENTATION_COMMENTS = YES;
				CLANG_WARN_EMPTY_BODY = YES;
				CLANG_WARN_ENUM_CONVERSION = YES;
				CLANG_WARN_INFINITE_RECURSION = YES;
				CLANG_WARN_INT_CONVERSION = YES;
				CLANG_WARN_NON_LITERAL_NULL_CONVERSION = YES;
				CLANG_WARN_OBJC_LITERAL_CONVERSION = YES;
				CLANG_WARN_OBJC_ROOT_CLASS = YES_ERROR;
				CLANG_WARN_RANGE_LOOP_ANALYSIS = YES;
				CLANG_WARN_STRICT_PROTOTYPES = YES;
				CLANG_WARN_SUSPICIOUS_MOVE = YES;
				CLANG_WARN_UNGUARDED_AVAILABILITY = YES_AGGRESSIVE;
				CLANG_WARN_UNREACHABLE_CODE = YES;
				CLANG_WARN__DUPLICATE_METHOD_MATCH = YES;
				CODE_SIGN_IDENTITY = "iPhone Developer";
				COPY_PHASE_STRIP = NO;
				DEBUG_INFORMATION_FORMAT = dwarf;
				ENABLE_STRICT_OBJC_MSGSEND = YES;
				ENABLE_TESTABILITY = YES;
				GCC_C_LANGUAGE_STANDARD = gnu11;
				GCC_DYNAMIC_NO_PIC = NO;
				GCC_NO_COMMON_BLOCKS = YES;
				GCC_OPTIMIZATION_LEVEL = 0;
				GCC_PREPROCESSOR_DEFINITIONS = (
					"DEBUG=1",
					"$(inherited)",
				);
				GCC_WARN_64_TO_32_BIT_CONVERSION = YES;
				GCC_WARN_ABOUT_RETURN_TYPE = YES_ERROR;
				GCC_WARN_UNDECLARED_SELECTOR = YES;
				GCC_WARN_UNINITIALIZED_AUTOS = YES_AGGRESSIVE;
				GCC_WARN_UNUSED_FUNCTION = YES;
				GCC_WARN_UNUSED_VARIABLE = YES;
				IPHONEOS_DEPLOYMENT_TARGET = 11.1;
				MTL_ENABLE_DEBUG_INFO = YES;
				ONLY_ACTIVE_ARCH = YES;
				SDKROOT = iphoneos;
				SWIFT_ACTIVE_COMPILATION_CONDITIONS = DEBUG;
				SWIFT_OPTIMIZATION_LEVEL = "-Onone";
			};
			name = Debug;
		};
		649DCEB01FD1F54500955793 /* Release */ = {
			isa = XCBuildConfiguration;
			buildSettings = {
				ALWAYS_SEARCH_USER_PATHS = NO;
				CLANG_ANALYZER_NONNULL = YES;
				CLANG_ANALYZER_NUMBER_OBJECT_CONVERSION = YES_AGGRESSIVE;
				CLANG_CXX_LANGUAGE_STANDARD = "gnu++14";
				CLANG_CXX_LIBRARY = "libc++";
				CLANG_ENABLE_MODULES = YES;
				CLANG_ENABLE_OBJC_ARC = YES;
				CLANG_WARN_BLOCK_CAPTURE_AUTORELEASING = YES;
				CLANG_WARN_BOOL_CONVERSION = YES;
				CLANG_WARN_COMMA = YES;
				CLANG_WARN_CONSTANT_CONVERSION = YES;
				CLANG_WARN_DIRECT_OBJC_ISA_USAGE = YES_ERROR;
				CLANG_WARN_DOCUMENTATION_COMMENTS = YES;
				CLANG_WARN_EMPTY_BODY = YES;
				CLANG_WARN_ENUM_CONVERSION = YES;
				CLANG_WARN_INFINITE_RECURSION = YES;
				CLANG_WARN_INT_CONVERSION = YES;
				CLANG_WARN_NON_LITERAL_NULL_CONVERSION = YES;
				CLANG_WARN_OBJC_LITERAL_CONVERSION = YES;
				CLANG_WARN_OBJC_ROOT_CLASS = YES_ERROR;
				CLANG_WARN_RANGE_LOOP_ANALYSIS = YES;
				CLANG_WARN_STRICT_PROTOTYPES = YES;
				CLANG_WARN_SUSPICIOUS_MOVE = YES;
				CLANG_WARN_UNGUARDED_AVAILABILITY = YES_AGGRESSIVE;
				CLANG_WARN_UNREACHABLE_CODE = YES;
				CLANG_WARN__DUPLICATE_METHOD_MATCH = YES;
				CODE_SIGN_IDENTITY = "iPhone Developer";
				COPY_PHASE_STRIP = NO;
				DEBUG_INFORMATION_FORMAT = "dwarf-with-dsym";
				ENABLE_NS_ASSERTIONS = NO;
				ENABLE_STRICT_OBJC_MSGSEND = YES;
				GCC_C_LANGUAGE_STANDARD = gnu11;
				GCC_NO_COMMON_BLOCKS = YES;
				GCC_WARN_64_TO_32_BIT_CONVERSION = YES;
				GCC_WARN_ABOUT_RETURN_TYPE = YES_ERROR;
				GCC_WARN_UNDECLARED_SELECTOR = YES;
				GCC_WARN_UNINITIALIZED_AUTOS = YES_AGGRESSIVE;
				GCC_WARN_UNUSED_FUNCTION = YES;
				GCC_WARN_UNUSED_VARIABLE = YES;
				IPHONEOS_DEPLOYMENT_TARGET = 11.1;
				MTL_ENABLE_DEBUG_INFO = NO;
				SDKROOT = iphoneos;
				SWIFT_OPTIMIZATION_LEVEL = "-Owholemodule";
				VALIDATE_PRODUCT = YES;
			};
			name = Release;
		};
		649DCEB21FD1F54500955793 /* Debug */ = {
			isa = XCBuildConfiguration;
			baseConfigurationReference = FF236B98BCFA4C173F5A161D /* Pods-Claudio.debug.xcconfig */;
			buildSettings = {
				ASSETCATALOG_COMPILER_APPICON_NAME = AppIcon;
				CODE_SIGN_STYLE = Automatic;
				DEVELOPMENT_TEAM = 7VP6KTBX4J;
				INFOPLIST_FILE = "$(SRCROOT)/Claudio/Resources/Info.plist";
				LD_RUNPATH_SEARCH_PATHS = "$(inherited) @executable_path/Frameworks";
				PRODUCT_BUNDLE_IDENTIFIER = com.michaelpaces.Claudio;
				PRODUCT_NAME = "$(TARGET_NAME)";
				SWIFT_VERSION = 4.0;
				TARGETED_DEVICE_FAMILY = "1,2";
			};
			name = Debug;
		};
		649DCEB31FD1F54500955793 /* Release */ = {
			isa = XCBuildConfiguration;
			baseConfigurationReference = 938A2B08EA2CD7BC2CA9059B /* Pods-Claudio.release.xcconfig */;
			buildSettings = {
				ASSETCATALOG_COMPILER_APPICON_NAME = AppIcon;
				CODE_SIGN_STYLE = Automatic;
				DEVELOPMENT_TEAM = 7VP6KTBX4J;
				INFOPLIST_FILE = "$(SRCROOT)/Claudio/Resources/Info.plist";
				LD_RUNPATH_SEARCH_PATHS = "$(inherited) @executable_path/Frameworks";
				PRODUCT_BUNDLE_IDENTIFIER = com.michaelpaces.Claudio;
				PRODUCT_NAME = "$(TARGET_NAME)";
				SWIFT_VERSION = 4.0;
				TARGETED_DEVICE_FAMILY = "1,2";
			};
			name = Release;
		};
		649DCEB51FD1F54500955793 /* Debug */ = {
			isa = XCBuildConfiguration;
			buildSettings = {
				ALWAYS_EMBED_SWIFT_STANDARD_LIBRARIES = YES;
				BUNDLE_LOADER = "$(TEST_HOST)";
				CODE_SIGN_STYLE = Automatic;
				DEVELOPMENT_TEAM = 7VP6KTBX4J;
				INFOPLIST_FILE = ClaudioTests/Info.plist;
				LD_RUNPATH_SEARCH_PATHS = "$(inherited) @executable_path/Frameworks @loader_path/Frameworks";
				PRODUCT_BUNDLE_IDENTIFIER = com.michaelpaces.ClaudioTests;
				PRODUCT_NAME = "$(TARGET_NAME)";
				SWIFT_VERSION = 4.0;
				TARGETED_DEVICE_FAMILY = "1,2";
				TEST_HOST = "$(BUILT_PRODUCTS_DIR)/Claudio.app/Claudio";
			};
			name = Debug;
		};
		649DCEB61FD1F54500955793 /* Release */ = {
			isa = XCBuildConfiguration;
			buildSettings = {
				ALWAYS_EMBED_SWIFT_STANDARD_LIBRARIES = YES;
				BUNDLE_LOADER = "$(TEST_HOST)";
				CODE_SIGN_STYLE = Automatic;
				DEVELOPMENT_TEAM = 7VP6KTBX4J;
				INFOPLIST_FILE = ClaudioTests/Info.plist;
				LD_RUNPATH_SEARCH_PATHS = "$(inherited) @executable_path/Frameworks @loader_path/Frameworks";
				PRODUCT_BUNDLE_IDENTIFIER = com.michaelpaces.ClaudioTests;
				PRODUCT_NAME = "$(TARGET_NAME)";
				SWIFT_VERSION = 4.0;
				TARGETED_DEVICE_FAMILY = "1,2";
				TEST_HOST = "$(BUILT_PRODUCTS_DIR)/Claudio.app/Claudio";
			};
			name = Release;
		};
/* End XCBuildConfiguration section */

/* Begin XCConfigurationList section */
		649DCE8F1FD1F54400955793 /* Build configuration list for PBXProject "Claudio" */ = {
			isa = XCConfigurationList;
			buildConfigurations = (
				649DCEAF1FD1F54500955793 /* Debug */,
				649DCEB01FD1F54500955793 /* Release */,
			);
			defaultConfigurationIsVisible = 0;
			defaultConfigurationName = Release;
		};
		649DCEB11FD1F54500955793 /* Build configuration list for PBXNativeTarget "Claudio" */ = {
			isa = XCConfigurationList;
			buildConfigurations = (
				649DCEB21FD1F54500955793 /* Debug */,
				649DCEB31FD1F54500955793 /* Release */,
			);
			defaultConfigurationIsVisible = 0;
			defaultConfigurationName = Release;
		};
		649DCEB41FD1F54500955793 /* Build configuration list for PBXNativeTarget "ClaudioTests" */ = {
			isa = XCConfigurationList;
			buildConfigurations = (
				649DCEB51FD1F54500955793 /* Debug */,
				649DCEB61FD1F54500955793 /* Release */,
			);
			defaultConfigurationIsVisible = 0;
			defaultConfigurationName = Release;
		};
/* End XCConfigurationList section */
	};
	rootObject = 649DCE8C1FD1F54400955793 /* Project object */;
}
